# This is a Gradle generated file for dependency locking.
# Manual edits can break the build and are not advised.
# This file is expected to be part of source control.
org.commonmark:commonmark-ext-footnotes:0.23.0=compileClasspath,runtimeClasspath
org.commonmark:commonmark-ext-gfm-tables:0.23.0=compileClasspath,runtimeClasspath
org.commonmark:commonmark-ext-heading-anchor:0.23.0=compileClasspath,runtimeClasspath
org.commonmark:commonmark:0.23.0=compileClasspath,runtimeClasspath
empty=
